// !$*UTF8*$!
{
	archiveVersion = 1;
	classes = {
	};
	objectVersion = 56;
	objects = {

/* Begin PBXBuildFile section */
		A0142E4B2B305F3700074CCD /* BerlinClockScreenViewModel.swift in Sources */ = {isa = PBXBuildFile; fileRef = A0142E4A2B305F3700074CCD /* BerlinClockScreenViewModel.swift */; };
		A014B45F2B2E42E000FC8076 /* BerlinClockApp.swift in Sources */ = {isa = PBXBuildFile; fileRef = A014B45E2B2E42E000FC8076 /* BerlinClockApp.swift */; };
		A014B4612B2E42E000FC8076 /* BerlinClockScreen.swift in Sources */ = {isa = PBXBuildFile; fileRef = A014B4602B2E42E000FC8076 /* BerlinClockScreen.swift */; };
		A014B4632B2E42E200FC8076 /* Assets.xcassets in Resources */ = {isa = PBXBuildFile; fileRef = A014B4622B2E42E200FC8076 /* Assets.xcassets */; };
		A014B4662B2E42E200FC8076 /* Preview Assets.xcassets in Resources */ = {isa = PBXBuildFile; fileRef = A014B4652B2E42E200FC8076 /* Preview Assets.xcassets */; };
		A014B4702B2E42E200FC8076 /* BerlinClockTests.swift in Sources */ = {isa = PBXBuildFile; fileRef = A014B46F2B2E42E200FC8076 /* BerlinClockTests.swift */; };
		A014B47A2B2E42E200FC8076 /* BerlinClockUITests.swift in Sources */ = {isa = PBXBuildFile; fileRef = A014B4792B2E42E200FC8076 /* BerlinClockUITests.swift */; };
		A014B47C2B2E42E200FC8076 /* BerlinClockUITestsLaunchTests.swift in Sources */ = {isa = PBXBuildFile; fileRef = A014B47B2B2E42E200FC8076 /* BerlinClockUITestsLaunchTests.swift */; };
/* End PBXBuildFile section */

/* Begin PBXContainerItemProxy section */
		A014B46C2B2E42E200FC8076 /* PBXContainerItemProxy */ = {
			isa = PBXContainerItemProxy;
			containerPortal = A014B4532B2E42E000FC8076 /* Project object */;
			proxyType = 1;
			remoteGlobalIDString = A014B45A2B2E42E000FC8076;
			remoteInfo = BerlinClock;
		};
		A014B4762B2E42E200FC8076 /* PBXContainerItemProxy */ = {
			isa = PBXContainerItemProxy;
			containerPortal = A014B4532B2E42E000FC8076 /* Project object */;
			proxyType = 1;
			remoteGlobalIDString = A014B45A2B2E42E000FC8076;
			remoteInfo = BerlinClock;
		};
/* End PBXContainerItemProxy section */

/* Begin PBXFileReference section */
		A0142E4A2B305F3700074CCD /* BerlinClockScreenViewModel.swift */ = {isa = PBXFileReference; lastKnownFileType = sourcecode.swift; path = BerlinClockScreenViewModel.swift; sourceTree = "<group>"; };
		A014B45B2B2E42E000FC8076 /* BerlinClock.app */ = {isa = PBXFileReference; explicitFileType = wrapper.application; includeInIndex = 0; path = BerlinClock.app; sourceTree = BUILT_PRODUCTS_DIR; };
		A014B45E2B2E42E000FC8076 /* BerlinClockApp.swift */ = {isa = PBXFileReference; lastKnownFileType = sourcecode.swift; path = BerlinClockApp.swift; sourceTree = "<group>"; };
		A014B4602B2E42E000FC8076 /* BerlinClockScreen.swift */ = {isa = PBXFileReference; lastKnownFileType = sourcecode.swift; path = BerlinClockScreen.swift; sourceTree = "<group>"; };
		A014B4622B2E42E200FC8076 /* Assets.xcassets */ = {isa = PBXFileReference; lastKnownFileType = folder.assetcatalog; path = Assets.xcassets; sourceTree = "<group>"; };
		A014B4652B2E42E200FC8076 /* Preview Assets.xcassets */ = {isa = PBXFileReference; lastKnownFileType = folder.assetcatalog; path = "Preview Assets.xcassets"; sourceTree = "<group>"; };
		A014B46B2B2E42E200FC8076 /* BerlinClockTests.xctest */ = {isa = PBXFileReference; explicitFileType = wrapper.cfbundle; includeInIndex = 0; path = BerlinClockTests.xctest; sourceTree = BUILT_PRODUCTS_DIR; };
		A014B46F2B2E42E200FC8076 /* BerlinClockTests.swift */ = {isa = PBXFileReference; lastKnownFileType = sourcecode.swift; path = BerlinClockTests.swift; sourceTree = "<group>"; };
		A014B4752B2E42E200FC8076 /* BerlinClockUITests.xctest */ = {isa = PBXFileReference; explicitFileType = wrapper.cfbundle; includeInIndex = 0; path = BerlinClockUITests.xctest; sourceTree = BUILT_PRODUCTS_DIR; };
		A014B4792B2E42E200FC8076 /* BerlinClockUITests.swift */ = {isa = PBXFileReference; lastKnownFileType = sourcecode.swift; path = BerlinClockUITests.swift; sourceTree = "<group>"; };
		A014B47B2B2E42E200FC8076 /* BerlinClockUITestsLaunchTests.swift */ = {isa = PBXFileReference; lastKnownFileType = sourcecode.swift; path = BerlinClockUITestsLaunchTests.swift; sourceTree = "<group>"; };
/* End PBXFileReference section */

/* Begin PBXFrameworksBuildPhase section */
		A014B4582B2E42E000FC8076 /* Frameworks */ = {
			isa = PBXFrameworksBuildPhase;
			buildActionMask = 2147483647;
			files = (
			);
			runOnlyForDeploymentPostprocessing = 0;
		};
		A014B4682B2E42E200FC8076 /* Frameworks */ = {
			isa = PBXFrameworksBuildPhase;
			buildActionMask = 2147483647;
			files = (
			);
			runOnlyForDeploymentPostprocessing = 0;
		};
		A014B4722B2E42E200FC8076 /* Frameworks */ = {
			isa = PBXFrameworksBuildPhase;
			buildActionMask = 2147483647;
			files = (
			);
			runOnlyForDeploymentPostprocessing = 0;
		};
/* End PBXFrameworksBuildPhase section */

/* Begin PBXGroup section */
		A014B4522B2E42E000FC8076 = {
			isa = PBXGroup;
			children = (
				A014B45D2B2E42E000FC8076 /* BerlinClock */,
				A014B46E2B2E42E200FC8076 /* BerlinClockTests */,
				A014B4782B2E42E200FC8076 /* BerlinClockUITests */,
				A014B45C2B2E42E000FC8076 /* Products */,
			);
			sourceTree = "<group>";
		};
		A014B45C2B2E42E000FC8076 /* Products */ = {
			isa = PBXGroup;
			children = (
				A014B45B2B2E42E000FC8076 /* BerlinClock.app */,
				A014B46B2B2E42E200FC8076 /* BerlinClockTests.xctest */,
				A014B4752B2E42E200FC8076 /* BerlinClockUITests.xctest */,
			);
			name = Products;
			sourceTree = "<group>";
		};
		A014B45D2B2E42E000FC8076 /* BerlinClock */ = {
			isa = PBXGroup;
			children = (
				A014B45E2B2E42E000FC8076 /* BerlinClockApp.swift */,
				A014B4602B2E42E000FC8076 /* BerlinClockScreen.swift */,
				A0142E4A2B305F3700074CCD /* BerlinClockScreenViewModel.swift */,
				A014B4622B2E42E200FC8076 /* Assets.xcassets */,
				A014B4642B2E42E200FC8076 /* Preview Content */,
			);
			path = BerlinClock;
			sourceTree = "<group>";
		};
		A014B4642B2E42E200FC8076 /* Preview Content */ = {
			isa = PBXGroup;
			children = (
				A014B4652B2E42E200FC8076 /* Preview Assets.xcassets */,
			);
			path = "Preview Content";
			sourceTree = "<group>";
		};
		A014B46E2B2E42E200FC8076 /* BerlinClockTests */ = {
			isa = PBXGroup;
			children = (
				A014B46F2B2E42E200FC8076 /* BerlinClockTests.swift */,
			);
			path = BerlinClockTests;
			sourceTree = "<group>";
		};
		A014B4782B2E42E200FC8076 /* BerlinClockUITests */ = {
			isa = PBXGroup;
			children = (
				A014B4792B2E42E200FC8076 /* BerlinClockUITests.swift */,
				A014B47B2B2E42E200FC8076 /* BerlinClockUITestsLaunchTests.swift */,
			);
			path = BerlinClockUITests;
			sourceTree = "<group>";
		};
/* End PBXGroup section */

/* Begin PBXNativeTarget section */
		A014B45A2B2E42E000FC8076 /* BerlinClock */ = {
			isa = PBXNativeTarget;
			buildConfigurationList = A014B47F2B2E42E200FC8076 /* Build configuration list for PBXNativeTarget "BerlinClock" */;
			buildPhases = (
				A014B4572B2E42E000FC8076 /* Sources */,
				A014B4582B2E42E000FC8076 /* Frameworks */,
				A014B4592B2E42E000FC8076 /* Resources */,
			);
			buildRules = (
			);
			dependencies = (
			);
			name = BerlinClock;
			productName = BerlinClock;
			productReference = A014B45B2B2E42E000FC8076 /* BerlinClock.app */;
			productType = "com.apple.product-type.application";
		};
		A014B46A2B2E42E200FC8076 /* BerlinClockTests */ = {
			isa = PBXNativeTarget;
			buildConfigurationList = A014B4822B2E42E200FC8076 /* Build configuration list for PBXNativeTarget "BerlinClockTests" */;
			buildPhases = (
				A014B4672B2E42E200FC8076 /* Sources */,
				A014B4682B2E42E200FC8076 /* Frameworks */,
				A014B4692B2E42E200FC8076 /* Resources */,
			);
			buildRules = (
			);
			dependencies = (
				A014B46D2B2E42E200FC8076 /* PBXTargetDependency */,
			);
			name = BerlinClockTests;
			productName = BerlinClockTests;
			productReference = A014B46B2B2E42E200FC8076 /* BerlinClockTests.xctest */;
			productType = "com.apple.product-type.bundle.unit-test";
		};
		A014B4742B2E42E200FC8076 /* BerlinClockUITests */ = {
			isa = PBXNativeTarget;
			buildConfigurationList = A014B4852B2E42E200FC8076 /* Build configuration list for PBXNativeTarget "BerlinClockUITests" */;
			buildPhases = (
				A014B4712B2E42E200FC8076 /* Sources */,
				A014B4722B2E42E200FC8076 /* Frameworks */,
				A014B4732B2E42E200FC8076 /* Resources */,
			);
			buildRules = (
			);
			dependencies = (
				A014B4772B2E42E200FC8076 /* PBXTargetDependency */,
			);
			name = BerlinClockUITests;
			productName = BerlinClockUITests;
			productReference = A014B4752B2E42E200FC8076 /* BerlinClockUITests.xctest */;
			productType = "com.apple.product-type.bundle.ui-testing";
		};
/* End PBXNativeTarget section */

/* Begin PBXProject section */
		A014B4532B2E42E000FC8076 /* Project object */ = {
			isa = PBXProject;
			attributes = {
				BuildIndependentTargetsInParallel = 1;
				LastSwiftUpdateCheck = 1500;
				LastUpgradeCheck = 1500;
				TargetAttributes = {
					A014B45A2B2E42E000FC8076 = {
						CreatedOnToolsVersion = 15.0.1;
					};
					A014B46A2B2E42E200FC8076 = {
						CreatedOnToolsVersion = 15.0.1;
						TestTargetID = A014B45A2B2E42E000FC8076;
					};
					A014B4742B2E42E200FC8076 = {
						CreatedOnToolsVersion = 15.0.1;
						TestTargetID = A014B45A2B2E42E000FC8076;
					};
				};
			};
			buildConfigurationList = A014B4562B2E42E000FC8076 /* Build configuration list for PBXProject "BerlinClock" */;
			compatibilityVersion = "Xcode 14.0";
			developmentRegion = en;
			hasScannedForEncodings = 0;
			knownRegions = (
				en,
				Base,
			);
			mainGroup = A014B4522B2E42E000FC8076;
			productRefGroup = A014B45C2B2E42E000FC8076 /* Products */;
			projectDirPath = "";
			projectRoot = "";
			targets = (
				A014B45A2B2E42E000FC8076 /* BerlinClock */,
				A014B46A2B2E42E200FC8076 /* BerlinClockTests */,
				A014B4742B2E42E200FC8076 /* BerlinClockUITests */,
			);
		};
/* End PBXProject section */

/* Begin PBXResourcesBuildPhase section */
		A014B4592B2E42E000FC8076 /* Resources */ = {
			isa = PBXResourcesBuildPhase;
			buildActionMask = 2147483647;
			files = (
				A014B4662B2E42E200FC8076 /* Preview Assets.xcassets in Resources */,
				A014B4632B2E42E200FC8076 /* Assets.xcassets in Resources */,
			);
			runOnlyForDeploymentPostprocessing = 0;
		};
		A014B4692B2E42E200FC8076 /* Resources */ = {
			isa = PBXResourcesBuildPhase;
			buildActionMask = 2147483647;
			files = (
			);
			runOnlyForDeploymentPostprocessing = 0;
		};
		A014B4732B2E42E200FC8076 /* Resources */ = {
			isa = PBXResourcesBuildPhase;
			buildActionMask = 2147483647;
			files = (
			);
			runOnlyForDeploymentPostprocessing = 0;
		};
/* End PBXResourcesBuildPhase section */

/* Begin PBXSourcesBuildPhase section */
		A014B4572B2E42E000FC8076 /* Sources */ = {
			isa = PBXSourcesBuildPhase;
			buildActionMask = 2147483647;
			files = (
				A014B4612B2E42E000FC8076 /* BerlinClockScreen.swift in Sources */,
				A014B45F2B2E42E000FC8076 /* BerlinClockApp.swift in Sources */,
				A0142E4B2B305F3700074CCD /* BerlinClockScreenViewModel.swift in Sources */,
			);
			runOnlyForDeploymentPostprocessing = 0;
		};
		A014B4672B2E42E200FC8076 /* Sources */ = {
			isa = PBXSourcesBuildPhase;
			buildActionMask = 2147483647;
			files = (
				A014B4702B2E42E200FC8076 /* BerlinClockTests.swift in Sources */,
			);
			runOnlyForDeploymentPostprocessing = 0;
		};
		A014B4712B2E42E200FC8076 /* Sources */ = {
			isa = PBXSourcesBuildPhase;
			buildActionMask = 2147483647;
			files = (
				A014B47A2B2E42E200FC8076 /* BerlinClockUITests.swift in Sources */,
				A014B47C2B2E42E200FC8076 /* BerlinClockUITestsLaunchTests.swift in Sources */,
			);
			runOnlyForDeploymentPostprocessing = 0;
		};
/* End PBXSourcesBuildPhase section */

/* Begin PBXTargetDependency section */
		A014B46D2B2E42E200FC8076 /* PBXTargetDependency */ = {
			isa = PBXTargetDependency;
			target = A014B45A2B2E42E000FC8076 /* BerlinClock */;
			targetProxy = A014B46C2B2E42E200FC8076 /* PBXContainerItemProxy */;
		};
		A014B4772B2E42E200FC8076 /* PBXTargetDependency */ = {
			isa = PBXTargetDependency;
			target = A014B45A2B2E42E000FC8076 /* BerlinClock */;
			targetProxy = A014B4762B2E42E200FC8076 /* PBXContainerItemProxy */;
		};
/* End PBXTargetDependency section */

/* Begin XCBuildConfiguration section */
		A014B47D2B2E42E200FC8076 /* Debug */ = {
			isa = XCBuildConfiguration;
			buildSettings = {
				ALWAYS_SEARCH_USER_PATHS = NO;
				ASSETCATALOG_COMPILER_GENERATE_SWIFT_ASSET_SYMBOL_EXTENSIONS = YES;
				CLANG_ANALYZER_NONNULL = YES;
				CLANG_ANALYZER_NUMBER_OBJECT_CONVERSION = YES_AGGRESSIVE;
				CLANG_CXX_LANGUAGE_STANDARD = "gnu++20";
				CLANG_ENABLE_MODULES = YES;
				CLANG_ENABLE_OBJC_ARC = YES;
				CLANG_ENABLE_OBJC_WEAK = YES;
				CLANG_WARN_BLOCK_CAPTURE_AUTORELEASING = YES;
				CLANG_WARN_BOOL_CONVERSION = YES;
				CLANG_WARN_COMMA = YES;
				CLANG_WARN_CONSTANT_CONVERSION = YES;
				CLANG_WARN_DEPRECATED_OBJC_IMPLEMENTATIONS = YES;
				CLANG_WARN_DIRECT_OBJC_ISA_USAGE = YES_ERROR;
				CLANG_WARN_DOCUMENTATION_COMMENTS = YES;
				CLANG_WARN_EMPTY_BODY = YES;
				CLANG_WARN_ENUM_CONVERSION = YES;
				CLANG_WARN_INFINITE_RECURSION = YES;
				CLANG_WARN_INT_CONVERSION = YES;
				CLANG_WARN_NON_LITERAL_NULL_CONVERSION = YES;
				CLANG_WARN_OBJC_IMPLICIT_RETAIN_SELF = YES;
				CLANG_WARN_OBJC_LITERAL_CONVERSION = YES;
				CLANG_WARN_OBJC_ROOT_CLASS = YES_ERROR;
				CLANG_WARN_QUOTED_INCLUDE_IN_FRAMEWORK_HEADER = YES;
				CLANG_WARN_RANGE_LOOP_ANALYSIS = YES;
				CLANG_WARN_STRICT_PROTOTYPES = YES;
				CLANG_WARN_SUSPICIOUS_MOVE = YES;
				CLANG_WARN_UNGUARDED_AVAILABILITY = YES_AGGRESSIVE;
				CLANG_WARN_UNREACHABLE_CODE = YES;
				CLANG_WARN__DUPLICATE_METHOD_MATCH = YES;
				COPY_PHASE_STRIP = NO;
				DEBUG_INFORMATION_FORMAT = dwarf;
				ENABLE_STRICT_OBJC_MSGSEND = YES;
				ENABLE_TESTABILITY = YES;
				ENABLE_USER_SCRIPT_SANDBOXING = YES;
				GCC_C_LANGUAGE_STANDARD = gnu17;
				GCC_DYNAMIC_NO_PIC = NO;
				GCC_NO_COMMON_BLOCKS = YES;
				GCC_OPTIMIZATION_LEVEL = 0;
				GCC_PREPROCESSOR_DEFINITIONS = (
					"DEBUG=1",
					"$(inherited)",
				);
				GCC_WARN_64_TO_32_BIT_CONVERSION = YES;
				GCC_WARN_ABOUT_RETURN_TYPE = YES_ERROR;
				GCC_WARN_UNDECLARED_SELECTOR = YES;
				GCC_WARN_UNINITIALIZED_AUTOS = YES_AGGRESSIVE;
				GCC_WARN_UNUSED_FUNCTION = YES;
				GCC_WARN_UNUSED_VARIABLE = YES;
				IPHONEOS_DEPLOYMENT_TARGET = 17.0;
				LOCALIZATION_PREFERS_STRING_CATALOGS = YES;
				MTL_ENABLE_DEBUG_INFO = INCLUDE_SOURCE;
				MTL_FAST_MATH = YES;
				ONLY_ACTIVE_ARCH = YES;
				SDKROOT = iphoneos;
				SWIFT_ACTIVE_COMPILATION_CONDITIONS = "DEBUG $(inherited)";
				SWIFT_OPTIMIZATION_LEVEL = "-Onone";
			};
			name = Debug;
		};
		A014B47E2B2E42E200FC8076 /* Release */ = {
			isa = XCBuildConfiguration;
			buildSettings = {
				ALWAYS_SEARCH_USER_PATHS = NO;
				ASSETCATALOG_COMPILER_GENERATE_SWIFT_ASSET_SYMBOL_EXTENSIONS = YES;
				CLANG_ANALYZER_NONNULL = YES;
				CLANG_ANALYZER_NUMBER_OBJECT_CONVERSION = YES_AGGRESSIVE;
				CLANG_CXX_LANGUAGE_STANDARD = "gnu++20";
				CLANG_ENABLE_MODULES = YES;
				CLANG_ENABLE_OBJC_ARC = YES;
				CLANG_ENABLE_OBJC_WEAK = YES;
				CLANG_WARN_BLOCK_CAPTURE_AUTORELEASING = YES;
				CLANG_WARN_BOOL_CONVERSION = YES;
				CLANG_WARN_COMMA = YES;
				CLANG_WARN_CONSTANT_CONVERSION = YES;
				CLANG_WARN_DEPRECATED_OBJC_IMPLEMENTATIONS = YES;
				CLANG_WARN_DIRECT_OBJC_ISA_USAGE = YES_ERROR;
				CLANG_WARN_DOCUMENTATION_COMMENTS = YES;
				CLANG_WARN_EMPTY_BODY = YES;
				CLANG_WARN_ENUM_CONVERSION = YES;
				CLANG_WARN_INFINITE_RECURSION = YES;
				CLANG_WARN_INT_CONVERSION = YES;
				CLANG_WARN_NON_LITERAL_NULL_CONVERSION = YES;
				CLANG_WARN_OBJC_IMPLICIT_RETAIN_SELF = YES;
				CLANG_WARN_OBJC_LITERAL_CONVERSION = YES;
				CLANG_WARN_OBJC_ROOT_CLASS = YES_ERROR;
				CLANG_WARN_QUOTED_INCLUDE_IN_FRAMEWORK_HEADER = YES;
				CLANG_WARN_RANGE_LOOP_ANALYSIS = YES;
				CLANG_WARN_STRICT_PROTOTYPES = YES;
				CLANG_WARN_SUSPICIOUS_MOVE = YES;
				CLANG_WARN_UNGUARDED_AVAILABILITY = YES_AGGRESSIVE;
				CLANG_WARN_UNREACHABLE_CODE = YES;
				CLANG_WARN__DUPLICATE_METHOD_MATCH = YES;
				COPY_PHASE_STRIP = NO;
				DEBUG_INFORMATION_FORMAT = "dwarf-with-dsym";
				ENABLE_NS_ASSERTIONS = NO;
				ENABLE_STRICT_OBJC_MSGSEND = YES;
				ENABLE_USER_SCRIPT_SANDBOXING = YES;
				GCC_C_LANGUAGE_STANDARD = gnu17;
				GCC_NO_COMMON_BLOCKS = YES;
				GCC_WARN_64_TO_32_BIT_CONVERSION = YES;
				GCC_WARN_ABOUT_RETURN_TYPE = YES_ERROR;
				GCC_WARN_UNDECLARED_SELECTOR = YES;
				GCC_WARN_UNINITIALIZED_AUTOS = YES_AGGRESSIVE;
				GCC_WARN_UNUSED_FUNCTION = YES;
				GCC_WARN_UNUSED_VARIABLE = YES;
				IPHONEOS_DEPLOYMENT_TARGET = 17.0;
				LOCALIZATION_PREFERS_STRING_CATALOGS = YES;
				MTL_ENABLE_DEBUG_INFO = NO;
				MTL_FAST_MATH = YES;
				SDKROOT = iphoneos;
				SWIFT_COMPILATION_MODE = wholemodule;
				VALIDATE_PRODUCT = YES;
			};
			name = Release;
		};
		A014B4802B2E42E200FC8076 /* Debug */ = {
			isa = XCBuildConfiguration;
			buildSettings = {
				ASSETCATALOG_COMPILER_APPICON_NAME = AppIcon;
				ASSETCATALOG_COMPILER_GLOBAL_ACCENT_COLOR_NAME = AccentColor;
				CODE_SIGN_STYLE = Automatic;
				CURRENT_PROJECT_VERSION = 1;
				DEVELOPMENT_ASSET_PATHS = "\"BerlinClock/Preview Content\"";
				DEVELOPMENT_TEAM = B2B7N98FQK;
				ENABLE_PREVIEWS = YES;
				GENERATE_INFOPLIST_FILE = YES;
				INFOPLIST_KEY_UIApplicationSceneManifest_Generation = YES;
				INFOPLIST_KEY_UIApplicationSupportsIndirectInputEvents = YES;
				INFOPLIST_KEY_UILaunchScreen_Generation = YES;
				INFOPLIST_KEY_UISupportedInterfaceOrientations_iPad = "UIInterfaceOrientationPortrait UIInterfaceOrientationPortraitUpsideDown UIInterfaceOrientationLandscapeLeft UIInterfaceOrientationLandscapeRight";
				INFOPLIST_KEY_UISupportedInterfaceOrientations_iPhone = "UIInterfaceOrientationPortrait UIInterfaceOrientationLandscapeLeft UIInterfaceOrientationLandscapeRight";
				LD_RUNPATH_SEARCH_PATHS = (
					"$(inherited)",
					"@executable_path/Frameworks",
				);
				MARKETING_VERSION = 1.0;
				PRODUCT_BUNDLE_IDENTIFIER = com.bnp.berlingclock.BerlinClock;
				PRODUCT_NAME = "$(TARGET_NAME)";
				SWIFT_EMIT_LOC_STRINGS = YES;
				SWIFT_VERSION = 5.0;
				TARGETED_DEVICE_FAMILY = "1,2";
			};
			name = Debug;
		};
		A014B4812B2E42E200FC8076 /* Release */ = {
			isa = XCBuildConfiguration;
			buildSettings = {
				ASSETCATALOG_COMPILER_APPICON_NAME = AppIcon;
				ASSETCATALOG_COMPILER_GLOBAL_ACCENT_COLOR_NAME = AccentColor;
				CODE_SIGN_STYLE = Automatic;
				CURRENT_PROJECT_VERSION = 1;
				DEVELOPMENT_ASSET_PATHS = "\"BerlinClock/Preview Content\"";
				DEVELOPMENT_TEAM = B2B7N98FQK;
				ENABLE_PREVIEWS = YES;
				GENERATE_INFOPLIST_FILE = YES;
				INFOPLIST_KEY_UIApplicationSceneManifest_Generation = YES;
				INFOPLIST_KEY_UIApplicationSupportsIndirectInputEvents = YES;
				INFOPLIST_KEY_UILaunchScreen_Generation = YES;
				INFOPLIST_KEY_UISupportedInterfaceOrientations_iPad = "UIInterfaceOrientationPortrait UIInterfaceOrientationPortraitUpsideDown UIInterfaceOrientationLandscapeLeft UIInterfaceOrientationLandscapeRight";
				INFOPLIST_KEY_UISupportedInterfaceOrientations_iPhone = "UIInterfaceOrientationPortrait UIInterfaceOrientationLandscapeLeft UIInterfaceOrientationLandscapeRight";
				LD_RUNPATH_SEARCH_PATHS = (
					"$(inherited)",
					"@executable_path/Frameworks",
				);
				MARKETING_VERSION = 1.0;
				PRODUCT_BUNDLE_IDENTIFIER = com.bnp.berlingclock.BerlinClock;
				PRODUCT_NAME = "$(TARGET_NAME)";
				SWIFT_EMIT_LOC_STRINGS = YES;
				SWIFT_VERSION = 5.0;
				TARGETED_DEVICE_FAMILY = "1,2";
			};
			name = Release;
		};
		A014B4832B2E42E200FC8076 /* Debug */ = {
			isa = XCBuildConfiguration;
			buildSettings = {
				ALWAYS_EMBED_SWIFT_STANDARD_LIBRARIES = YES;
				BUNDLE_LOADER = "$(TEST_HOST)";
				CODE_SIGN_STYLE = Automatic;
				CURRENT_PROJECT_VERSION = 1;
				DEVELOPMENT_TEAM = B2B7N98FQK;
				GENERATE_INFOPLIST_FILE = YES;
				IPHONEOS_DEPLOYMENT_TARGET = 17.0;
				MARKETING_VERSION = 1.0;
				PRODUCT_BUNDLE_IDENTIFIER = com.bnp.berlingclock.BerlinClockTests;
				PRODUCT_NAME = "$(TARGET_NAME)";
				SWIFT_EMIT_LOC_STRINGS = NO;
				SWIFT_VERSION = 5.0;
				TARGETED_DEVICE_FAMILY = "1,2";
				TEST_HOST = "$(BUILT_PRODUCTS_DIR)/BerlinClock.app/$(BUNDLE_EXECUTABLE_FOLDER_PATH)/BerlinClock";
			};
			name = Debug;
		};
		A014B4842B2E42E200FC8076 /* Release */ = {
			isa = XCBuildConfiguration;
			buildSettings = {
				ALWAYS_EMBED_SWIFT_STANDARD_LIBRARIES = YES;
				BUNDLE_LOADER = "$(TEST_HOST)";
				CODE_SIGN_STYLE = Automatic;
				CURRENT_PROJECT_VERSION = 1;
				DEVELOPMENT_TEAM = B2B7N98FQK;
				GENERATE_INFOPLIST_FILE = YES;
				IPHONEOS_DEPLOYMENT_TARGET = 17.0;
				MARKETING_VERSION = 1.0;
				PRODUCT_BUNDLE_IDENTIFIER = com.bnp.berlingclock.BerlinClockTests;
				PRODUCT_NAME = "$(TARGET_NAME)";
				SWIFT_EMIT_LOC_STRINGS = NO;
				SWIFT_VERSION = 5.0;
				TARGETED_DEVICE_FAMILY = "1,2";
				TEST_HOST = "$(BUILT_PRODUCTS_DIR)/BerlinClock.app/$(BUNDLE_EXECUTABLE_FOLDER_PATH)/BerlinClock";
			};
			name = Release;
		};
		A014B4862B2E42E200FC8076 /* Debug */ = {
			isa = XCBuildConfiguration;
			buildSettings = {
				ALWAYS_EMBED_SWIFT_STANDARD_LIBRARIES = YES;
				CODE_SIGN_STYLE = Automatic;
				CURRENT_PROJECT_VERSION = 1;
				DEVELOPMENT_TEAM = B2B7N98FQK;
				GENERATE_INFOPLIST_FILE = YES;
				MARKETING_VERSION = 1.0;
				PRODUCT_BUNDLE_IDENTIFIER = com.bnp.berlingclock.BerlinClockUITests;
				PRODUCT_NAME = "$(TARGET_NAME)";
				SWIFT_EMIT_LOC_STRINGS = NO;
				SWIFT_VERSION = 5.0;
				TARGETED_DEVICE_FAMILY = "1,2";
				TEST_TARGET_NAME = BerlinClock;
			};
			name = Debug;
		};
		A014B4872B2E42E200FC8076 /* Release */ = {
			isa = XCBuildConfiguration;
			buildSettings = {
				ALWAYS_EMBED_SWIFT_STANDARD_LIBRARIES = YES;
				CODE_SIGN_STYLE = Automatic;
				CURRENT_PROJECT_VERSION = 1;
				DEVELOPMENT_TEAM = B2B7N98FQK;
				GENERATE_INFOPLIST_FILE = YES;
				MARKETING_VERSION = 1.0;
				PRODUCT_BUNDLE_IDENTIFIER = com.bnp.berlingclock.BerlinClockUITests;
				PRODUCT_NAME = "$(TARGET_NAME)";
				SWIFT_EMIT_LOC_STRINGS = NO;
				SWIFT_VERSION = 5.0;
				TARGETED_DEVICE_FAMILY = "1,2";
				TEST_TARGET_NAME = BerlinClock;
			};
			name = Release;
		};
/* End XCBuildConfiguration section */

/* Begin XCConfigurationList section */
		A014B4562B2E42E000FC8076 /* Build configuration list for PBXProject "BerlinClock" */ = {
			isa = XCConfigurationList;
			buildConfigurations = (
				A014B47D2B2E42E200FC8076 /* Debug */,
				A014B47E2B2E42E200FC8076 /* Release */,
			);
			defaultConfigurationIsVisible = 0;
			defaultConfigurationName = Release;
		};
		A014B47F2B2E42E200FC8076 /* Build configuration list for PBXNativeTarget "BerlinClock" */ = {
			isa = XCConfigurationList;
			buildConfigurations = (
				A014B4802B2E42E200FC8076 /* Debug */,
				A014B4812B2E42E200FC8076 /* Release */,
			);
			defaultConfigurationIsVisible = 0;
			defaultConfigurationName = Release;
		};
		A014B4822B2E42E200FC8076 /* Build configuration list for PBXNativeTarget "BerlinClockTests" */ = {
			isa = XCConfigurationList;
			buildConfigurations = (
				A014B4832B2E42E200FC8076 /* Debug */,
				A014B4842B2E42E200FC8076 /* Release */,
			);
			defaultConfigurationIsVisible = 0;
			defaultConfigurationName = Release;
		};
		A014B4852B2E42E200FC8076 /* Build configuration list for PBXNativeTarget "BerlinClockUITests" */ = {
			isa = XCConfigurationList;
			buildConfigurations = (
				A014B4862B2E42E200FC8076 /* Debug */,
				A014B4872B2E42E200FC8076 /* Release */,
			);
			defaultConfigurationIsVisible = 0;
			defaultConfigurationName = Release;
		};
/* End XCConfigurationList section */
	};
	rootObject = A014B4532B2E42E000FC8076 /* Project object */;
}
